
Microsoft Visual Studio Solution File, Format Version 12.00
# Visual Studio Version 16
VisualStudioVersion = 16.0.30011.22
MinimumVisualStudioVersion = 10.0.40219.1
Project("{FAE04EC0-301F-11D3-BF4B-00C04F79EFBC}") = "Abbey.Core", "Abbey.Core.csproj", "{832DC629-FE86-42B5-BEEB-7B69A296CC66}"
EndProject
Global
	GlobalSection(SolutionConfigurationPlatforms) = preSolution
		Debug|Any CPU = Debug|Any CPU
		Release|Any CPU = Release|Any CPU
	EndGlobalSection
	GlobalSection(ProjectConfigurationPlatforms) = postSolution
		{832DC629-FE86-42B5-BEEB-7B69A296CC66}.Debug|Any CPU.ActiveCfg = Debug|Any CPU
		{832DC629-FE86-42B5-BEEB-7B69A296CC66}.Debug|Any CPU.Build.0 = Debug|Any CPU
		{832DC629-FE86-42B5-BEEB-7B69A296CC66}.Release|Any CPU.ActiveCfg = Release|Any CPU
		{832DC629-FE86-42B5-BEEB-7B69A296CC66}.Release|Any CPU.Build.0 = Release|Any CPU
	EndGlobalSection
	GlobalSection(SolutionProperties) = preSolution
		HideSolutionNode = FALSE
	EndGlobalSection
	GlobalSection(ExtensibilityGlobals) = postSolution
		SolutionGuid = {3BCC9AF8-0ECA-4538-9F41-81511B0A1FD3}
	EndGlobalSection
EndGlobal
